// !$*UTF8*$!
{
	archiveVersion = 1;
	classes = {
	};
	objectVersion = 46;
	objects = {

/* Begin PBXBuildFile section */
		4A0272101698D7850086FCD0 /* button_bg_off.png in Resources */ = {isa = PBXBuildFile; fileRef = 4A02720E1698D7850086FCD0 /* button_bg_off.png */; };
		4A0272111698D7850086FCD0 /* button_bg_on.png in Resources */ = {isa = PBXBuildFile; fileRef = 4A02720F1698D7850086FCD0 /* button_bg_on.png */; };
		4A0272161698D9660086FCD0 /* button_bg_off@2x.png in Resources */ = {isa = PBXBuildFile; fileRef = 4A0272141698D9660086FCD0 /* button_bg_off@2x.png */; };
		4A0272171698D9660086FCD0 /* button_bg_on@2x.png in Resources */ = {isa = PBXBuildFile; fileRef = 4A0272151698D9660086FCD0 /* button_bg_on@2x.png */; };
		4A02721A1698E9200086FCD0 /* background.png in Resources */ = {isa = PBXBuildFile; fileRef = 4A0272181698E9200086FCD0 /* background.png */; };
		4A02721B1698E9200086FCD0 /* background@2x.png in Resources */ = {isa = PBXBuildFile; fileRef = 4A0272191698E9200086FCD0 /* background@2x.png */; };
		4A0272351698ECAD0086FCD0 /* cball00001.png in Resources */ = {isa = PBXBuildFile; fileRef = 4A02721D1698ECAD0086FCD0 /* cball00001.png */; };
		4A0272361698ECAD0086FCD0 /* cball00002.png in Resources */ = {isa = PBXBuildFile; fileRef = 4A02721E1698ECAD0086FCD0 /* cball00002.png */; };
		4A0272371698ECAD0086FCD0 /* cball00003.png in Resources */ = {isa = PBXBuildFile; fileRef = 4A02721F1698ECAD0086FCD0 /* cball00003.png */; };
		4A0272381698ECAD0086FCD0 /* cball00004.png in Resources */ = {isa = PBXBuildFile; fileRef = 4A0272201698ECAD0086FCD0 /* cball00004.png */; };
		4A0272391698ECAD0086FCD0 /* cball00005.png in Resources */ = {isa = PBXBuildFile; fileRef = 4A0272211698ECAD0086FCD0 /* cball00005.png */; };
		4A02723A1698ECAD0086FCD0 /* cball00006.png in Resources */ = {isa = PBXBuildFile; fileRef = 4A0272221698ECAD0086FCD0 /* cball00006.png */; };
		4A02723B1698ECAD0086FCD0 /* cball00007.png in Resources */ = {isa = PBXBuildFile; fileRef = 4A0272231698ECAD0086FCD0 /* cball00007.png */; };
		4A02723C1698ECAD0086FCD0 /* cball00008.png in Resources */ = {isa = PBXBuildFile; fileRef = 4A0272241698ECAD0086FCD0 /* cball00008.png */; };
		4A02723D1698ECAD0086FCD0 /* cball00009.png in Resources */ = {isa = PBXBuildFile; fileRef = 4A0272251698ECAD0086FCD0 /* cball00009.png */; };
		4A02723E1698ECAD0086FCD0 /* cball00010.png in Resources */ = {isa = PBXBuildFile; fileRef = 4A0272261698ECAD0086FCD0 /* cball00010.png */; };
		4A02723F1698ECAD0086FCD0 /* cball00011.png in Resources */ = {isa = PBXBuildFile; fileRef = 4A0272271698ECAD0086FCD0 /* cball00011.png */; };
		4A0272401698ECAD0086FCD0 /* cball00012.png in Resources */ = {isa = PBXBuildFile; fileRef = 4A0272281698ECAD0086FCD0 /* cball00012.png */; };
		4A0272411698ECAD0086FCD0 /* cball00013.png in Resources */ = {isa = PBXBuildFile; fileRef = 4A0272291698ECAD0086FCD0 /* cball00013.png */; };
		4A0272421698ECAD0086FCD0 /* cball00014.png in Resources */ = {isa = PBXBuildFile; fileRef = 4A02722A1698ECAD0086FCD0 /* cball00014.png */; };
		4A0272431698ECAD0086FCD0 /* cball00015.png in Resources */ = {isa = PBXBuildFile; fileRef = 4A02722B1698ECAD0086FCD0 /* cball00015.png */; };
		4A0272441698ECAD0086FCD0 /* cball00016.png in Resources */ = {isa = PBXBuildFile; fileRef = 4A02722C1698ECAD0086FCD0 /* cball00016.png */; };
		4A0272451698ECAD0086FCD0 /* cball00017.png in Resources */ = {isa = PBXBuildFile; fileRef = 4A02722D1698ECAD0086FCD0 /* cball00017.png */; };
		4A0272461698ECAD0086FCD0 /* cball00018.png in Resources */ = {isa = PBXBuildFile; fileRef = 4A02722E1698ECAD0086FCD0 /* cball00018.png */; };
		4A0272471698ECAD0086FCD0 /* cball00019.png in Resources */ = {isa = PBXBuildFile; fileRef = 4A02722F1698ECAD0086FCD0 /* cball00019.png */; };
		4A0272481698ECAD0086FCD0 /* cball00020.png in Resources */ = {isa = PBXBuildFile; fileRef = 4A0272301698ECAD0086FCD0 /* cball00020.png */; };
		4A0272491698ECAD0086FCD0 /* cball00021.png in Resources */ = {isa = PBXBuildFile; fileRef = 4A0272311698ECAD0086FCD0 /* cball00021.png */; };
		4A02724A1698ECAD0086FCD0 /* cball00022.png in Resources */ = {isa = PBXBuildFile; fileRef = 4A0272321698ECAD0086FCD0 /* cball00022.png */; };
		4A02724B1698ECAD0086FCD0 /* cball00023.png in Resources */ = {isa = PBXBuildFile; fileRef = 4A0272331698ECAD0086FCD0 /* cball00023.png */; };
		4A02724C1698ECAD0086FCD0 /* cball00024.png in Resources */ = {isa = PBXBuildFile; fileRef = 4A0272341698ECAD0086FCD0 /* cball00024.png */; };
		4A4056251693EE58004A6DA8 /* UIKit.framework in Frameworks */ = {isa = PBXBuildFile; fileRef = 4A4056241693EE58004A6DA8 /* UIKit.framework */; };
		4A4056271693EE58004A6DA8 /* Foundation.framework in Frameworks */ = {isa = PBXBuildFile; fileRef = 4A4056261693EE58004A6DA8 /* Foundation.framework */; };
		4A4056291693EE58004A6DA8 /* CoreGraphics.framework in Frameworks */ = {isa = PBXBuildFile; fileRef = 4A4056281693EE58004A6DA8 /* CoreGraphics.framework */; };
		4A40562F1693EE58004A6DA8 /* InfoPlist.strings in Resources */ = {isa = PBXBuildFile; fileRef = 4A40562D1693EE58004A6DA8 /* InfoPlist.strings */; };
		4A4056311693EE58004A6DA8 /* main.m in Sources */ = {isa = PBXBuildFile; fileRef = 4A4056301693EE58004A6DA8 /* main.m */; };
		4A4056351693EE58004A6DA8 /* AppDelegate.m in Sources */ = {isa = PBXBuildFile; fileRef = 4A4056341693EE58004A6DA8 /* AppDelegate.m */; };
		4A4056381693EE58004A6DA8 /* MainStoryboard.storyboard in Resources */ = {isa = PBXBuildFile; fileRef = 4A4056361693EE58004A6DA8 /* MainStoryboard.storyboard */; };
		4A40563B1693EE58004A6DA8 /* ViewController.m in Sources */ = {isa = PBXBuildFile; fileRef = 4A40563A1693EE58004A6DA8 /* ViewController.m */; };
/* End PBXBuildFile section */

/* Begin PBXFileReference section */
		4A02720E1698D7850086FCD0 /* button_bg_off.png */ = {isa = PBXFileReference; lastKnownFileType = image.png; path = button_bg_off.png; sourceTree = "<group>"; };
		4A02720F1698D7850086FCD0 /* button_bg_on.png */ = {isa = PBXFileReference; lastKnownFileType = image.png; path = button_bg_on.png; sourceTree = "<group>"; };
		4A0272141698D9660086FCD0 /* button_bg_off@2x.png */ = {isa = PBXFileReference; lastKnownFileType = image.png; path = "button_bg_off@2x.png"; sourceTree = "<group>"; };
		4A0272151698D9660086FCD0 /* button_bg_on@2x.png */ = {isa = PBXFileReference; lastKnownFileType = image.png; path = "button_bg_on@2x.png"; sourceTree = "<group>"; };
		4A0272181698E9200086FCD0 /* background.png */ = {isa = PBXFileReference; lastKnownFileType = image.png; path = background.png; sourceTree = "<group>"; };
		4A0272191698E9200086FCD0 /* background@2x.png */ = {isa = PBXFileReference; lastKnownFileType = image.png; path = "background@2x.png"; sourceTree = "<group>"; };
		4A02721D1698ECAD0086FCD0 /* cball00001.png */ = {isa = PBXFileReference; lastKnownFileType = image.png; path = cball00001.png; sourceTree = "<group>"; };
		4A02721E1698ECAD0086FCD0 /* cball00002.png */ = {isa = PBXFileReference; lastKnownFileType = image.png; path = cball00002.png; sourceTree = "<group>"; };
		4A02721F1698ECAD0086FCD0 /* cball00003.png */ = {isa = PBXFileReference; lastKnownFileType = image.png; path = cball00003.png; sourceTree = "<group>"; };
		4A0272201698ECAD0086FCD0 /* cball00004.png */ = {isa = PBXFileReference; lastKnownFileType = image.png; path = cball00004.png; sourceTree = "<group>"; };
		4A0272211698ECAD0086FCD0 /* cball00005.png */ = {isa = PBXFileReference; lastKnownFileType = image.png; path = cball00005.png; sourceTree = "<group>"; };
		4A0272221698ECAD0086FCD0 /* cball00006.png */ = {isa = PBXFileReference; lastKnownFileType = image.png; path = cball00006.png; sourceTree = "<group>"; };
		4A0272231698ECAD0086FCD0 /* cball00007.png */ = {isa = PBXFileReference; lastKnownFileType = image.png; path = cball00007.png; sourceTree = "<group>"; };
		4A0272241698ECAD0086FCD0 /* cball00008.png */ = {isa = PBXFileReference; lastKnownFileType = image.png; path = cball00008.png; sourceTree = "<group>"; };
		4A0272251698ECAD0086FCD0 /* cball00009.png */ = {isa = PBXFileReference; lastKnownFileType = image.png; path = cball00009.png; sourceTree = "<group>"; };
		4A0272261698ECAD0086FCD0 /* cball00010.png */ = {isa = PBXFileReference; lastKnownFileType = image.png; path = cball00010.png; sourceTree = "<group>"; };
		4A0272271698ECAD0086FCD0 /* cball00011.png */ = {isa = PBXFileReference; lastKnownFileType = image.png; path = cball00011.png; sourceTree = "<group>"; };
		4A0272281698ECAD0086FCD0 /* cball00012.png */ = {isa = PBXFileReference; lastKnownFileType = image.png; path = cball00012.png; sourceTree = "<group>"; };
		4A0272291698ECAD0086FCD0 /* cball00013.png */ = {isa = PBXFileReference; lastKnownFileType = image.png; path = cball00013.png; sourceTree = "<group>"; };
		4A02722A1698ECAD0086FCD0 /* cball00014.png */ = {isa = PBXFileReference; lastKnownFileType = image.png; path = cball00014.png; sourceTree = "<group>"; };
		4A02722B1698ECAD0086FCD0 /* cball00015.png */ = {isa = PBXFileReference; lastKnownFileType = image.png; path = cball00015.png; sourceTree = "<group>"; };
		4A02722C1698ECAD0086FCD0 /* cball00016.png */ = {isa = PBXFileReference; lastKnownFileType = image.png; path = cball00016.png; sourceTree = "<group>"; };
		4A02722D1698ECAD0086FCD0 /* cball00017.png */ = {isa = PBXFileReference; lastKnownFileType = image.png; path = cball00017.png; sourceTree = "<group>"; };
		4A02722E1698ECAD0086FCD0 /* cball00018.png */ = {isa = PBXFileReference; lastKnownFileType = image.png; path = cball00018.png; sourceTree = "<group>"; };
		4A02722F1698ECAD0086FCD0 /* cball00019.png */ = {isa = PBXFileReference; lastKnownFileType = image.png; path = cball00019.png; sourceTree = "<group>"; };
		4A0272301698ECAD0086FCD0 /* cball00020.png */ = {isa = PBXFileReference; lastKnownFileType = image.png; path = cball00020.png; sourceTree = "<group>"; };
		4A0272311698ECAD0086FCD0 /* cball00021.png */ = {isa = PBXFileReference; lastKnownFileType = image.png; path = cball00021.png; sourceTree = "<group>"; };
		4A0272321698ECAD0086FCD0 /* cball00022.png */ = {isa = PBXFileReference; lastKnownFileType = image.png; path = cball00022.png; sourceTree = "<group>"; };
		4A0272331698ECAD0086FCD0 /* cball00023.png */ = {isa = PBXFileReference; lastKnownFileType = image.png; path = cball00023.png; sourceTree = "<group>"; };
		4A0272341698ECAD0086FCD0 /* cball00024.png */ = {isa = PBXFileReference; lastKnownFileType = image.png; path = cball00024.png; sourceTree = "<group>"; };
		4A4056201693EE58004A6DA8 /* CrystalBall.app */ = {isa = PBXFileReference; explicitFileType = wrapper.application; includeInIndex = 0; path = CrystalBall.app; sourceTree = BUILT_PRODUCTS_DIR; };
		4A4056241693EE58004A6DA8 /* UIKit.framework */ = {isa = PBXFileReference; lastKnownFileType = wrapper.framework; name = UIKit.framework; path = System/Library/Frameworks/UIKit.framework; sourceTree = SDKROOT; };
		4A4056261693EE58004A6DA8 /* Foundation.framework */ = {isa = PBXFileReference; lastKnownFileType = wrapper.framework; name = Foundation.framework; path = System/Library/Frameworks/Foundation.framework; sourceTree = SDKROOT; };
		4A4056281693EE58004A6DA8 /* CoreGraphics.framework */ = {isa = PBXFileReference; lastKnownFileType = wrapper.framework; name = CoreGraphics.framework; path = System/Library/Frameworks/CoreGraphics.framework; sourceTree = SDKROOT; };
		4A40562C1693EE58004A6DA8 /* CrystalBall-Info.plist */ = {isa = PBXFileReference; lastKnownFileType = text.plist.xml; path = "CrystalBall-Info.plist"; sourceTree = "<group>"; };
		4A40562E1693EE58004A6DA8 /* en */ = {isa = PBXFileReference; lastKnownFileType = text.plist.strings; name = en; path = en.lproj/InfoPlist.strings; sourceTree = "<group>"; };
		4A4056301693EE58004A6DA8 /* main.m */ = {isa = PBXFileReference; lastKnownFileType = sourcecode.c.objc; path = main.m; sourceTree = "<group>"; };
		4A4056321693EE58004A6DA8 /* CrystalBall-Prefix.pch */ = {isa = PBXFileReference; lastKnownFileType = sourcecode.c.h; path = "CrystalBall-Prefix.pch"; sourceTree = "<group>"; };
		4A4056331693EE58004A6DA8 /* AppDelegate.h */ = {isa = PBXFileReference; lastKnownFileType = sourcecode.c.h; path = AppDelegate.h; sourceTree = "<group>"; };
		4A4056341693EE58004A6DA8 /* AppDelegate.m */ = {isa = PBXFileReference; lastKnownFileType = sourcecode.c.objc; path = AppDelegate.m; sourceTree = "<group>"; };
		4A4056371693EE58004A6DA8 /* en */ = {isa = PBXFileReference; lastKnownFileType = file.storyboard; name = en; path = en.lproj/MainStoryboard.storyboard; sourceTree = "<group>"; };
		4A4056391693EE58004A6DA8 /* ViewController.h */ = {isa = PBXFileReference; lastKnownFileType = sourcecode.c.h; path = ViewController.h; sourceTree = "<group>"; };
		4A40563A1693EE58004A6DA8 /* ViewController.m */ = {isa = PBXFileReference; lastKnownFileType = sourcecode.c.objc; path = ViewController.m; sourceTree = "<group>"; };
/* End PBXFileReference section */

/* Begin PBXFrameworksBuildPhase section */
		4A40561D1693EE58004A6DA8 /* Frameworks */ = {
			isa = PBXFrameworksBuildPhase;
			buildActionMask = 2147483647;
			files = (
				4A4056251693EE58004A6DA8 /* UIKit.framework in Frameworks */,
				4A4056271693EE58004A6DA8 /* Foundation.framework in Frameworks */,
				4A4056291693EE58004A6DA8 /* CoreGraphics.framework in Frameworks */,
			);
			runOnlyForDeploymentPostprocessing = 0;
		};
/* End PBXFrameworksBuildPhase section */

/* Begin PBXGroup section */
		4A02720A1698D2170086FCD0 /* images */ = {
			isa = PBXGroup;
			children = (
				4A02721C1698EC910086FCD0 /* Animation */,
				4A0272181698E9200086FCD0 /* background.png */,
				4A0272191698E9200086FCD0 /* background@2x.png */,
				4A0272141698D9660086FCD0 /* button_bg_off@2x.png */,
				4A0272151698D9660086FCD0 /* button_bg_on@2x.png */,
				4A02720E1698D7850086FCD0 /* button_bg_off.png */,
				4A02720F1698D7850086FCD0 /* button_bg_on.png */,
			);
			name = images;
			sourceTree = "<group>";
		};
		4A02721C1698EC910086FCD0 /* Animation */ = {
			isa = PBXGroup;
			children = (
				4A02721D1698ECAD0086FCD0 /* cball00001.png */,
				4A02721E1698ECAD0086FCD0 /* cball00002.png */,
				4A02721F1698ECAD0086FCD0 /* cball00003.png */,
				4A0272201698ECAD0086FCD0 /* cball00004.png */,
				4A0272211698ECAD0086FCD0 /* cball00005.png */,
				4A0272221698ECAD0086FCD0 /* cball00006.png */,
				4A0272231698ECAD0086FCD0 /* cball00007.png */,
				4A0272241698ECAD0086FCD0 /* cball00008.png */,
				4A0272251698ECAD0086FCD0 /* cball00009.png */,
				4A0272261698ECAD0086FCD0 /* cball00010.png */,
				4A0272271698ECAD0086FCD0 /* cball00011.png */,
				4A0272281698ECAD0086FCD0 /* cball00012.png */,
				4A0272291698ECAD0086FCD0 /* cball00013.png */,
				4A02722A1698ECAD0086FCD0 /* cball00014.png */,
				4A02722B1698ECAD0086FCD0 /* cball00015.png */,
				4A02722C1698ECAD0086FCD0 /* cball00016.png */,
				4A02722D1698ECAD0086FCD0 /* cball00017.png */,
				4A02722E1698ECAD0086FCD0 /* cball00018.png */,
				4A02722F1698ECAD0086FCD0 /* cball00019.png */,
				4A0272301698ECAD0086FCD0 /* cball00020.png */,
				4A0272311698ECAD0086FCD0 /* cball00021.png */,
				4A0272321698ECAD0086FCD0 /* cball00022.png */,
				4A0272331698ECAD0086FCD0 /* cball00023.png */,
				4A0272341698ECAD0086FCD0 /* cball00024.png */,
			);
			name = Animation;
			sourceTree = "<group>";
		};
		4A4056151693EE58004A6DA8 = {
			isa = PBXGroup;
			children = (
				4A40562A1693EE58004A6DA8 /* CrystalBall */,
				4A4056231693EE58004A6DA8 /* Frameworks */,
				4A4056211693EE58004A6DA8 /* Products */,
			);
			sourceTree = "<group>";
		};
		4A4056211693EE58004A6DA8 /* Products */ = {
			isa = PBXGroup;
			children = (
				4A4056201693EE58004A6DA8 /* CrystalBall.app */,
			);
			name = Products;
			sourceTree = "<group>";
		};
		4A4056231693EE58004A6DA8 /* Frameworks */ = {
			isa = PBXGroup;
			children = (
				4A4056241693EE58004A6DA8 /* UIKit.framework */,
				4A4056261693EE58004A6DA8 /* Foundation.framework */,
				4A4056281693EE58004A6DA8 /* CoreGraphics.framework */,
			);
			name = Frameworks;
			sourceTree = "<group>";
		};
		4A40562A1693EE58004A6DA8 /* CrystalBall */ = {
			isa = PBXGroup;
			children = (
				4A02720A1698D2170086FCD0 /* images */,
				4A4056331693EE58004A6DA8 /* AppDelegate.h */,
				4A4056341693EE58004A6DA8 /* AppDelegate.m */,
				4A4056361693EE58004A6DA8 /* MainStoryboard.storyboard */,
				4A4056391693EE58004A6DA8 /* ViewController.h */,
				4A40563A1693EE58004A6DA8 /* ViewController.m */,
				4A40562B1693EE58004A6DA8 /* Supporting Files */,
			);
			path = CrystalBall;
			sourceTree = "<group>";
		};
		4A40562B1693EE58004A6DA8 /* Supporting Files */ = {
			isa = PBXGroup;
			children = (
				4A40562C1693EE58004A6DA8 /* CrystalBall-Info.plist */,
				4A40562D1693EE58004A6DA8 /* InfoPlist.strings */,
				4A4056301693EE58004A6DA8 /* main.m */,
				4A4056321693EE58004A6DA8 /* CrystalBall-Prefix.pch */,
			);
			name = "Supporting Files";
			sourceTree = "<group>";
		};
/* End PBXGroup section */

/* Begin PBXNativeTarget section */
		4A40561F1693EE58004A6DA8 /* CrystalBall */ = {
			isa = PBXNativeTarget;
			buildConfigurationList = 4A40563E1693EE58004A6DA8 /* Build configuration list for PBXNativeTarget "CrystalBall" */;
			buildPhases = (
				4A40561C1693EE58004A6DA8 /* Sources */,
				4A40561D1693EE58004A6DA8 /* Frameworks */,
				4A40561E1693EE58004A6DA8 /* Resources */,
			);
			buildRules = (
			);
			dependencies = (
			);
			name = CrystalBall;
			productName = CrystalBall;
			productReference = 4A4056201693EE58004A6DA8 /* CrystalBall.app */;
			productType = "com.apple.product-type.application";
		};
/* End PBXNativeTarget section */

/* Begin PBXProject section */
		4A4056171693EE58004A6DA8 /* Project object */ = {
			isa = PBXProject;
			attributes = {
				LastUpgradeCheck = 0420;
			};
			buildConfigurationList = 4A40561A1693EE58004A6DA8 /* Build configuration list for PBXProject "CrystalBall" */;
			compatibilityVersion = "Xcode 3.2";
			developmentRegion = English;
			hasScannedForEncodings = 0;
			knownRegions = (
				en,
			);
			mainGroup = 4A4056151693EE58004A6DA8;
			productRefGroup = 4A4056211693EE58004A6DA8 /* Products */;
			projectDirPath = "";
			projectRoot = "";
			targets = (
				4A40561F1693EE58004A6DA8 /* CrystalBall */,
			);
		};
/* End PBXProject section */

/* Begin PBXResourcesBuildPhase section */
		4A40561E1693EE58004A6DA8 /* Resources */ = {
			isa = PBXResourcesBuildPhase;
			buildActionMask = 2147483647;
			files = (
				4A40562F1693EE58004A6DA8 /* InfoPlist.strings in Resources */,
				4A4056381693EE58004A6DA8 /* MainStoryboard.storyboard in Resources */,
				4A0272101698D7850086FCD0 /* button_bg_off.png in Resources */,
				4A0272111698D7850086FCD0 /* button_bg_on.png in Resources */,
				4A0272161698D9660086FCD0 /* button_bg_off@2x.png in Resources */,
				4A0272171698D9660086FCD0 /* button_bg_on@2x.png in Resources */,
				4A02721A1698E9200086FCD0 /* background.png in Resources */,
				4A02721B1698E9200086FCD0 /* background@2x.png in Resources */,
				4A0272351698ECAD0086FCD0 /* cball00001.png in Resources */,
				4A0272361698ECAD0086FCD0 /* cball00002.png in Resources */,
				4A0272371698ECAD0086FCD0 /* cball00003.png in Resources */,
				4A0272381698ECAD0086FCD0 /* cball00004.png in Resources */,
				4A0272391698ECAD0086FCD0 /* cball00005.png in Resources */,
				4A02723A1698ECAD0086FCD0 /* cball00006.png in Resources */,
				4A02723B1698ECAD0086FCD0 /* cball00007.png in Resources */,
				4A02723C1698ECAD0086FCD0 /* cball00008.png in Resources */,
				4A02723D1698ECAD0086FCD0 /* cball00009.png in Resources */,
				4A02723E1698ECAD0086FCD0 /* cball00010.png in Resources */,
				4A02723F1698ECAD0086FCD0 /* cball00011.png in Resources */,
				4A0272401698ECAD0086FCD0 /* cball00012.png in Resources */,
				4A0272411698ECAD0086FCD0 /* cball00013.png in Resources */,
				4A0272421698ECAD0086FCD0 /* cball00014.png in Resources */,
				4A0272431698ECAD0086FCD0 /* cball00015.png in Resources */,
				4A0272441698ECAD0086FCD0 /* cball00016.png in Resources */,
				4A0272451698ECAD0086FCD0 /* cball00017.png in Resources */,
				4A0272461698ECAD0086FCD0 /* cball00018.png in Resources */,
				4A0272471698ECAD0086FCD0 /* cball00019.png in Resources */,
				4A0272481698ECAD0086FCD0 /* cball00020.png in Resources */,
				4A0272491698ECAD0086FCD0 /* cball00021.png in Resources */,
				4A02724A1698ECAD0086FCD0 /* cball00022.png in Resources */,
				4A02724B1698ECAD0086FCD0 /* cball00023.png in Resources */,
				4A02724C1698ECAD0086FCD0 /* cball00024.png in Resources */,
			);
			runOnlyForDeploymentPostprocessing = 0;
		};
/* End PBXResourcesBuildPhase section */

/* Begin PBXSourcesBuildPhase section */
		4A40561C1693EE58004A6DA8 /* Sources */ = {
			isa = PBXSourcesBuildPhase;
			buildActionMask = 2147483647;
			files = (
				4A4056311693EE58004A6DA8 /* main.m in Sources */,
				4A4056351693EE58004A6DA8 /* AppDelegate.m in Sources */,
				4A40563B1693EE58004A6DA8 /* ViewController.m in Sources */,
			);
			runOnlyForDeploymentPostprocessing = 0;
		};
/* End PBXSourcesBuildPhase section */

/* Begin PBXVariantGroup section */
		4A40562D1693EE58004A6DA8 /* InfoPlist.strings */ = {
			isa = PBXVariantGroup;
			children = (
				4A40562E1693EE58004A6DA8 /* en */,
			);
			name = InfoPlist.strings;
			sourceTree = "<group>";
		};
		4A4056361693EE58004A6DA8 /* MainStoryboard.storyboard */ = {
			isa = PBXVariantGroup;
			children = (
				4A4056371693EE58004A6DA8 /* en */,
			);
			name = MainStoryboard.storyboard;
			sourceTree = "<group>";
		};
/* End PBXVariantGroup section */

/* Begin XCBuildConfiguration section */
		4A40563C1693EE58004A6DA8 /* Debug */ = {
			isa = XCBuildConfiguration;
			buildSettings = {
				ALWAYS_SEARCH_USER_PATHS = NO;
				ARCHS = "$(ARCHS_STANDARD_32_BIT)";
				CLANG_ENABLE_OBJC_ARC = YES;
				"CODE_SIGN_IDENTITY[sdk=iphoneos*]" = "iPhone Developer";
				COPY_PHASE_STRIP = NO;
				GCC_C_LANGUAGE_STANDARD = gnu99;
				GCC_DYNAMIC_NO_PIC = NO;
				GCC_OPTIMIZATION_LEVEL = 0;
				GCC_PREPROCESSOR_DEFINITIONS = (
					"DEBUG=1",
					"$(inherited)",
				);
				GCC_SYMBOLS_PRIVATE_EXTERN = NO;
				GCC_VERSION = com.apple.compilers.llvm.clang.1_0;
				GCC_WARN_ABOUT_MISSING_PROTOTYPES = YES;
				GCC_WARN_ABOUT_RETURN_TYPE = YES;
				GCC_WARN_UNUSED_VARIABLE = YES;
				IPHONEOS_DEPLOYMENT_TARGET = 5.0;
				SDKROOT = iphoneos;
			};
			name = Debug;
		};
		4A40563D1693EE58004A6DA8 /* Release */ = {
			isa = XCBuildConfiguration;
			buildSettings = {
				ALWAYS_SEARCH_USER_PATHS = NO;
				ARCHS = "$(ARCHS_STANDARD_32_BIT)";
				CLANG_ENABLE_OBJC_ARC = YES;
				"CODE_SIGN_IDENTITY[sdk=iphoneos*]" = "iPhone Developer";
				COPY_PHASE_STRIP = YES;
				GCC_C_LANGUAGE_STANDARD = gnu99;
				GCC_VERSION = com.apple.compilers.llvm.clang.1_0;
				GCC_WARN_ABOUT_MISSING_PROTOTYPES = YES;
				GCC_WARN_ABOUT_RETURN_TYPE = YES;
				GCC_WARN_UNUSED_VARIABLE = YES;
				IPHONEOS_DEPLOYMENT_TARGET = 5.0;
				OTHER_CFLAGS = "-DNS_BLOCK_ASSERTIONS=1";
				SDKROOT = iphoneos;
				VALIDATE_PRODUCT = YES;
			};
			name = Release;
		};
		4A40563F1693EE58004A6DA8 /* Debug */ = {
			isa = XCBuildConfiguration;
			buildSettings = {
				GCC_PRECOMPILE_PREFIX_HEADER = YES;
				GCC_PREFIX_HEADER = "CrystalBall/CrystalBall-Prefix.pch";
				INFOPLIST_FILE = "CrystalBall/CrystalBall-Info.plist";
				PRODUCT_NAME = "$(TARGET_NAME)";
				WRAPPER_EXTENSION = app;
			};
			name = Debug;
		};
		4A4056401693EE58004A6DA8 /* Release */ = {
			isa = XCBuildConfiguration;
			buildSettings = {
				GCC_PRECOMPILE_PREFIX_HEADER = YES;
				GCC_PREFIX_HEADER = "CrystalBall/CrystalBall-Prefix.pch";
				INFOPLIST_FILE = "CrystalBall/CrystalBall-Info.plist";
				PRODUCT_NAME = "$(TARGET_NAME)";
				WRAPPER_EXTENSION = app;
			};
			name = Release;
		};
/* End XCBuildConfiguration section */

/* Begin XCConfigurationList section */
		4A40561A1693EE58004A6DA8 /* Build configuration list for PBXProject "CrystalBall" */ = {
			isa = XCConfigurationList;
			buildConfigurations = (
				4A40563C1693EE58004A6DA8 /* Debug */,
				4A40563D1693EE58004A6DA8 /* Release */,
			);
			defaultConfigurationIsVisible = 0;
			defaultConfigurationName = Release;
		};
		4A40563E1693EE58004A6DA8 /* Build configuration list for PBXNativeTarget "CrystalBall" */ = {
			isa = XCConfigurationList;
			buildConfigurations = (
				4A40563F1693EE58004A6DA8 /* Debug */,
				4A4056401693EE58004A6DA8 /* Release */,
			);
			defaultConfigurationIsVisible = 0;
			defaultConfigurationName = Release;
		};
/* End XCConfigurationList section */
	};
	rootObject = 4A4056171693EE58004A6DA8 /* Project object */;
}
